
Microsoft Visual Studio Solution File, Format Version 12.00
# Visual Studio Version 16
VisualStudioVersion = 16.0.29009.5
MinimumVisualStudioVersion = 10.0.40219.1
Project("{FAE04EC0-301F-11D3-BF4B-00C04F79EFBC}") = "DependencyInjection", "DependencyInjection\DependencyInjection.csproj", "{4E32C507-3DE6-4500-937D-1E47816D43B8}"
EndProject
Project("{FAE04EC0-301F-11D3-BF4B-00C04F79EFBC}") = "DependencyInjection.Scopes", "DependencyInjection.Scopes\DependencyInjection.Scopes.csproj", "{F2434645-450A-48F8-8EC2-2466A6DDB273}"
EndProject
Global
	GlobalSection(SolutionConfigurationPlatforms) = preSolution
		Debug|Any CPU = Debug|Any CPU
		Release|Any CPU = Release|Any CPU
	EndGlobalSection
	GlobalSection(ProjectConfigurationPlatforms) = postSolution
		{4E32C507-3DE6-4500-937D-1E47816D43B8}.Debug|Any CPU.ActiveCfg = Debug|Any CPU
		{4E32C507-3DE6-4500-937D-1E47816D43B8}.Debug|Any CPU.Build.0 = Debug|Any CPU
		{4E32C507-3DE6-4500-937D-1E47816D43B8}.Release|Any CPU.ActiveCfg = Release|Any CPU
		{4E32C507-3DE6-4500-937D-1E47816D43B8}.Release|Any CPU.Build.0 = Release|Any CPU
		{F2434645-450A-48F8-8EC2-2466A6DDB273}.Debug|Any CPU.ActiveCfg = Debug|Any CPU
		{F2434645-450A-48F8-8EC2-2466A6DDB273}.Debug|Any CPU.Build.0 = Debug|Any CPU
		{F2434645-450A-48F8-8EC2-2466A6DDB273}.Release|Any CPU.ActiveCfg = Release|Any CPU
		{F2434645-450A-48F8-8EC2-2466A6DDB273}.Release|Any CPU.Build.0 = Release|Any CPU
	EndGlobalSection
	GlobalSection(SolutionProperties) = preSolution
		HideSolutionNode = FALSE
	EndGlobalSection
	GlobalSection(ExtensibilityGlobals) = postSolution
		SolutionGuid = {3B482E01-802A-4DC3-84EC-328A590E895A}
	EndGlobalSection
EndGlobal
